
Microsoft Visual Studio Solution File, Format Version 12.00
# Visual Studio 15
VisualStudioVersion = 15.0.27428.2043
MinimumVisualStudioVersion = 10.0.40219.1
Project("{FAE04EC0-301F-11D3-BF4B-00C04F79EFBC}") = "Cat Food Ingredient Analyzer", "Cat Food Ingredient Analyzer\Cat Food Ingredient Analyzer.csproj", "{1CEDA7DC-8350-4EE8-B304-0BC643735E11}"
EndProject
Global
	GlobalSection(SolutionConfigurationPlatforms) = preSolution
		Debug|Any CPU = Debug|Any CPU
		Release|Any CPU = Release|Any CPU
	EndGlobalSection
	GlobalSection(ProjectConfigurationPlatforms) = postSolution
		{1CEDA7DC-8350-4EE8-B304-0BC643735E11}.Debug|Any CPU.ActiveCfg = Debug|Any CPU
		{1CEDA7DC-8350-4EE8-B304-0BC643735E11}.Debug|Any CPU.Build.0 = Debug|Any CPU
		{1CEDA7DC-8350-4EE8-B304-0BC643735E11}.Release|Any CPU.ActiveCfg = Release|Any CPU
		{1CEDA7DC-8350-4EE8-B304-0BC643735E11}.Release|Any CPU.Build.0 = Release|Any CPU
	EndGlobalSection
	GlobalSection(SolutionProperties) = preSolution
		HideSolutionNode = FALSE
	EndGlobalSection
	GlobalSection(ExtensibilityGlobals) = postSolution
		SolutionGuid = {02B08BC2-CEC2-4290-BB41-4381A313ACF2}
	EndGlobalSection
EndGlobal
